
Microsoft Visual Studio Solution File, Format Version 12.00
# Visual Studio Version 16
VisualStudioVersion = 16.0.30717.126
MinimumVisualStudioVersion = 10.0.40219.1
Project("{FAE04EC0-301F-11D3-BF4B-00C04F79EFBC}") = "StackLayoutTutorial.Android", "StackLayoutTutorial\StackLayoutTutorial.Android\StackLayoutTutorial.Android.csproj", "{783D7319-9816-425E-93F3-C43D34B11E2F}"
EndProject
Project("{FAE04EC0-301F-11D3-BF4B-00C04F79EFBC}") = "StackLayoutTutorial", "StackLayoutTutorial\StackLayoutTutorial\StackLayoutTutorial.csproj", "{78F34779-6635-45B6-BE70-6C2DB15B35A2}"
EndProject
Global
	GlobalSection(SolutionConfigurationPlatforms) = preSolution
		Debug|Any CPU = Debug|Any CPU
		Release|Any CPU = Release|Any CPU
	EndGlobalSection
	GlobalSection(ProjectConfigurationPlatforms) = postSolution
		{783D7319-9816-425E-93F3-C43D34B11E2F}.Debug|Any CPU.ActiveCfg = Debug|Any CPU
		{783D7319-9816-425E-93F3-C43D34B11E2F}.Debug|Any CPU.Build.0 = Debug|Any CPU
		{783D7319-9816-425E-93F3-C43D34B11E2F}.Debug|Any CPU.Deploy.0 = Debug|Any CPU
		{783D7319-9816-425E-93F3-C43D34B11E2F}.Release|Any CPU.ActiveCfg = Release|Any CPU
		{783D7319-9816-425E-93F3-C43D34B11E2F}.Release|Any CPU.Build.0 = Release|Any CPU
		{783D7319-9816-425E-93F3-C43D34B11E2F}.Release|Any CPU.Deploy.0 = Release|Any CPU
		{78F34779-6635-45B6-BE70-6C2DB15B35A2}.Debug|Any CPU.ActiveCfg = Debug|Any CPU
		{78F34779-6635-45B6-BE70-6C2DB15B35A2}.Debug|Any CPU.Build.0 = Debug|Any CPU
		{78F34779-6635-45B6-BE70-6C2DB15B35A2}.Debug|Any CPU.Deploy.0 = Debug|Any CPU
		{78F34779-6635-45B6-BE70-6C2DB15B35A2}.Release|Any CPU.ActiveCfg = Release|Any CPU
		{78F34779-6635-45B6-BE70-6C2DB15B35A2}.Release|Any CPU.Build.0 = Release|Any CPU
		{78F34779-6635-45B6-BE70-6C2DB15B35A2}.Release|Any CPU.Deploy.0 = Release|Any CPU
	EndGlobalSection
	GlobalSection(SolutionProperties) = preSolution
		HideSolutionNode = FALSE
	EndGlobalSection
	GlobalSection(ExtensibilityGlobals) = postSolution
		SolutionGuid = {26AF7234-199B-4636-A5CF-F8B34A3C9C45}
	EndGlobalSection
EndGlobal
